{
  "version": 4,
  "terraform_version": "1.6.5",
  "serial": 484,
  "lineage": "cc8383d2-f87f-e23f-1fe3-f099d61b39ad",
  "outputs": {
    "server-data": {
      "value": [
        {
          "ip_address": "34.224.70.70"
        },
        {
          "ip_address": "34.201.64.189"
        }
      ],
      "type": [
        "tuple",
        [
          [
            "object",
            {
              "ip_address": "string"
            }
          ],
          [
            "object",
            {
              "ip_address": "string"
            }
          ]
        ]
      ]
    },
    "vm_pass": {
      "value": {
        "bcrypt_hash": "$2a$10$iJeq/3xAcaDDIq3.pznH6OgQ9LOfG7y4T3AziqalEmP76mHTn/GP2",
        "id": "none",
        "keepers": null,
        "length": 16,
        "lower": true,
        "min_lower": 0,
        "min_numeric": 0,
        "min_special": 0,
        "min_upper": 0,
        "number": true,
        "numeric": true,
        "override_special": "!#$%\u0026*()-_=+[]{}\u003c\u003e:?",
        "result": "?2s:9nkeZ8\u003eSmGXD",
        "special": true,
        "upper": true
      },
      "type": [
        "object",
        {
          "bcrypt_hash": "string",
          "id": "string",
          "keepers": [
            "map",
            "string"
          ],
          "length": "number",
          "lower": "bool",
          "min_lower": "number",
          "min_numeric": "number",
          "min_special": "number",
          "min_upper": "number",
          "number": "bool",
          "numeric": "bool",
          "override_special": "string",
          "result": "string",
          "special": "bool",
          "upper": "bool"
        }
      ],
      "sensitive": true
    }
  },
  "resources": [
    {
      "mode": "managed",
      "type": "aws_instance",
      "name": "vm",
      "provider": "provider[\"registry.terraform.io/hashicorp/aws\"]",
      "instances": [
        {
          "index_key": 0,
          "schema_version": 1,
          "attributes": {
            "ami": "ami-0fc5d935ebf8bc3bc",
            "arn": "arn:aws:ec2:us-east-1:572346131617:instance/i-0d3fe0bce552f504b",
            "associate_public_ip_address": true,
            "availability_zone": "us-east-1a",
            "capacity_reservation_specification": [
              {
                "capacity_reservation_preference": "open",
                "capacity_reservation_target": []
              }
            ],
            "cpu_core_count": 1,
            "cpu_options": [
              {
                "amd_sev_snp": "",
                "core_count": 1,
                "threads_per_core": 1
              }
            ],
            "cpu_threads_per_core": 1,
            "credit_specification": [
              {
                "cpu_credits": "standard"
              }
            ],
            "disable_api_stop": false,
            "disable_api_termination": false,
            "ebs_block_device": [],
            "ebs_optimized": false,
            "enclave_options": [
              {
                "enabled": false
              }
            ],
            "ephemeral_block_device": [],
            "get_password_data": false,
            "hibernation": false,
            "host_id": "",
            "host_resource_group_arn": null,
            "iam_instance_profile": "",
            "id": "i-0d3fe0bce552f504b",
            "instance_initiated_shutdown_behavior": "stop",
            "instance_lifecycle": "",
            "instance_market_options": [],
            "instance_state": "running",
            "instance_type": "t2.micro",
            "ipv6_address_count": 0,
            "ipv6_addresses": [],
            "key_name": "ansible-ssh-key",
            "launch_template": [],
            "maintenance_options": [
              {
                "auto_recovery": "default"
              }
            ],
            "metadata_options": [
              {
                "http_endpoint": "enabled",
                "http_protocol_ipv6": "disabled",
                "http_put_response_hop_limit": 1,
                "http_tokens": "optional",
                "instance_metadata_tags": "disabled"
              }
            ],
            "monitoring": false,
            "network_interface": [],
            "outpost_arn": "",
            "password_data": "",
            "placement_group": "",
            "placement_partition_number": 0,
            "primary_network_interface_id": "eni-0b2ecdfedabffe708",
            "private_dns": "ip-172-31-0-236.ec2.internal",
            "private_dns_name_options": [
              {
                "enable_resource_name_dns_a_record": false,
                "enable_resource_name_dns_aaaa_record": false,
                "hostname_type": "ip-name"
              }
            ],
            "private_ip": "172.31.0.236",
            "public_dns": "",
            "public_ip": "34.224.70.70",
            "root_block_device": [
              {
                "delete_on_termination": true,
                "device_name": "/dev/sda1",
                "encrypted": false,
                "iops": 100,
                "kms_key_id": "",
                "tags": {},
                "throughput": 0,
                "volume_id": "vol-0c4b2ad743d159742",
                "volume_size": 8,
                "volume_type": "gp2"
              }
            ],
            "secondary_private_ips": [],
            "security_groups": [],
            "source_dest_check": true,
            "spot_instance_request_id": "",
            "subnet_id": "subnet-09294f5c85c8640f8",
            "tags": {
              "Name": "tf-ansible-1"
            },
            "tags_all": {
              "Name": "tf-ansible-1"
            },
            "tenancy": "default",
            "timeouts": null,
            "user_data": null,
            "user_data_base64": null,
            "user_data_replace_on_change": false,
            "volume_tags": null,
            "vpc_security_group_ids": [
              "sg-0f0fec3ea9d72d1f6"
            ]
          },
          "sensitive_attributes": [],
          "private": "eyJlMmJmYjczMC1lY2FhLTExZTYtOGY4OC0zNDM2M2JjN2M0YzAiOnsiY3JlYXRlIjo2MDAwMDAwMDAwMDAsImRlbGV0ZSI6MTIwMDAwMDAwMDAwMCwidXBkYXRlIjo2MDAwMDAwMDAwMDB9LCJzY2hlbWFfdmVyc2lvbiI6IjEifQ==",
          "dependencies": [
            "aws_key_pair.aws_key",
            "aws_security_group.vm_sg",
            "aws_subnet.my_subnet",
            "aws_vpc.my_vpc",
            "tls_private_key.key"
          ]
        },
        {
          "index_key": 1,
          "schema_version": 1,
          "attributes": {
            "ami": "ami-0fc5d935ebf8bc3bc",
            "arn": "arn:aws:ec2:us-east-1:572346131617:instance/i-0fa12b50cee7685bf",
            "associate_public_ip_address": true,
            "availability_zone": "us-east-1a",
            "capacity_reservation_specification": [
              {
                "capacity_reservation_preference": "open",
                "capacity_reservation_target": []
              }
            ],
            "cpu_core_count": 1,
            "cpu_options": [
              {
                "amd_sev_snp": "",
                "core_count": 1,
                "threads_per_core": 1
              }
            ],
            "cpu_threads_per_core": 1,
            "credit_specification": [
              {
                "cpu_credits": "standard"
              }
            ],
            "disable_api_stop": false,
            "disable_api_termination": false,
            "ebs_block_device": [],
            "ebs_optimized": false,
            "enclave_options": [
              {
                "enabled": false
              }
            ],
            "ephemeral_block_device": [],
            "get_password_data": false,
            "hibernation": false,
            "host_id": "",
            "host_resource_group_arn": null,
            "iam_instance_profile": "",
            "id": "i-0fa12b50cee7685bf",
            "instance_initiated_shutdown_behavior": "stop",
            "instance_lifecycle": "",
            "instance_market_options": [],
            "instance_state": "running",
            "instance_type": "t2.micro",
            "ipv6_address_count": 0,
            "ipv6_addresses": [],
            "key_name": "ansible-ssh-key",
            "launch_template": [],
            "maintenance_options": [
              {
                "auto_recovery": "default"
              }
            ],
            "metadata_options": [
              {
                "http_endpoint": "enabled",
                "http_protocol_ipv6": "disabled",
                "http_put_response_hop_limit": 1,
                "http_tokens": "optional",
                "instance_metadata_tags": "disabled"
              }
            ],
            "monitoring": false,
            "network_interface": [],
            "outpost_arn": "",
            "password_data": "",
            "placement_group": "",
            "placement_partition_number": 0,
            "primary_network_interface_id": "eni-06c92668b6f947c64",
            "private_dns": "ip-172-31-0-243.ec2.internal",
            "private_dns_name_options": [
              {
                "enable_resource_name_dns_a_record": false,
                "enable_resource_name_dns_aaaa_record": false,
                "hostname_type": "ip-name"
              }
            ],
            "private_ip": "172.31.0.243",
            "public_dns": "",
            "public_ip": "34.201.64.189",
            "root_block_device": [
              {
                "delete_on_termination": true,
                "device_name": "/dev/sda1",
                "encrypted": false,
                "iops": 100,
                "kms_key_id": "",
                "tags": {},
                "throughput": 0,
                "volume_id": "vol-0ec33ba44a980db43",
                "volume_size": 8,
                "volume_type": "gp2"
              }
            ],
            "secondary_private_ips": [],
            "security_groups": [],
            "source_dest_check": true,
            "spot_instance_request_id": "",
            "subnet_id": "subnet-09294f5c85c8640f8",
            "tags": {
              "Name": "tf-ansible-2"
            },
            "tags_all": {
              "Name": "tf-ansible-2"
            },
            "tenancy": "default",
            "timeouts": null,
            "user_data": null,
            "user_data_base64": null,
            "user_data_replace_on_change": false,
            "volume_tags": null,
            "vpc_security_group_ids": [
              "sg-0f0fec3ea9d72d1f6"
            ]
          },
          "sensitive_attributes": [],
          "private": "eyJlMmJmYjczMC1lY2FhLTExZTYtOGY4OC0zNDM2M2JjN2M0YzAiOnsiY3JlYXRlIjo2MDAwMDAwMDAwMDAsImRlbGV0ZSI6MTIwMDAwMDAwMDAwMCwidXBkYXRlIjo2MDAwMDAwMDAwMDB9LCJzY2hlbWFfdmVyc2lvbiI6IjEifQ==",
          "dependencies": [
            "aws_key_pair.aws_key",
            "aws_security_group.vm_sg",
            "aws_subnet.my_subnet",
            "aws_vpc.my_vpc",
            "tls_private_key.key"
          ]
        }
      ]
    },
    {
      "mode": "managed",
      "type": "aws_key_pair",
      "name": "aws_key",
      "provider": "provider[\"registry.terraform.io/hashicorp/aws\"]",
      "instances": [
        {
          "schema_version": 1,
          "attributes": {
            "arn": "arn:aws:ec2:us-east-1:572346131617:key-pair/ansible-ssh-key",
            "fingerprint": "4d:0d:c9:45:86:3b:6d:6a:9c:19:ab:b6:af:c2:36:b3",
            "id": "ansible-ssh-key",
            "key_name": "ansible-ssh-key",
            "key_name_prefix": "",
            "key_pair_id": "key-087530ea81562dd54",
            "key_type": "rsa",
            "public_key": "ssh-rsa AAAAB3NzaC1yc2EAAAADAQABAAABAQDR0xRD/sNoOrgqtXg/bM8mRfP8x85OHQcmQFMRcXGrTyXMZOcJpoSxRY3ckOZqiBa4zv71WgJeksO8EL8RAYiFOynaBGCxpnQdPzU3yLxa2v4Sihj7oQXPyWmSUTc4fVtAUG5ljvSMrBPfjm0e6ZxSeekN/UZikmAXmGwmdC6ZM7IawroF9hLCDW1UJw2A+vSvtFH5EqC0hV6Vb5TJqQbkyBHEZYqDHCeHb/RFmChYEzqIaVr+nUl/Bpwk/Gon/n3n2S6/rfjoqjqYE4TOqI7YSnTap7dWLu6HwT/vgqhqOP9FUy9RPdUJWU3wAvXmM/FSbI+hey8gYM2Ftum8qD5R",
            "tags": {},
            "tags_all": {}
          },
          "sensitive_attributes": [],
          "private": "eyJzY2hlbWFfdmVyc2lvbiI6IjEifQ==",
          "dependencies": [
            "tls_private_key.key"
          ]
        }
      ]
    },
    {
      "mode": "managed",
      "type": "aws_security_group",
      "name": "vm_sg",
      "provider": "provider[\"registry.terraform.io/hashicorp/aws\"]",
      "instances": [
        {
          "schema_version": 1,
          "attributes": {
            "arn": "arn:aws:ec2:us-east-1:572346131617:security-group/sg-0f0fec3ea9d72d1f6",
            "description": "Security group for VMs",
            "egress": [
              {
                "cidr_blocks": [
                  "0.0.0.0/0"
                ],
                "description": "",
                "from_port": 0,
                "ipv6_cidr_blocks": [],
                "prefix_list_ids": [],
                "protocol": "-1",
                "security_groups": [],
                "self": false,
                "to_port": 0
              }
            ],
            "id": "sg-0f0fec3ea9d72d1f6",
            "ingress": [
              {
                "cidr_blocks": [
                  "0.0.0.0/0"
                ],
                "description": "SSH",
                "from_port": 22,
                "ipv6_cidr_blocks": [],
                "prefix_list_ids": [],
                "protocol": "tcp",
                "security_groups": [],
                "self": false,
                "to_port": 22
              }
            ],
            "name": "vm-sg",
            "name_prefix": "",
            "owner_id": "572346131617",
            "revoke_rules_on_delete": false,
            "tags": {},
            "tags_all": {},
            "timeouts": null,
            "vpc_id": "vpc-0465b1397224f40b0"
          },
          "sensitive_attributes": [],
          "private": "eyJlMmJmYjczMC1lY2FhLTExZTYtOGY4OC0zNDM2M2JjN2M0YzAiOnsiY3JlYXRlIjo2MDAwMDAwMDAwMDAsImRlbGV0ZSI6OTAwMDAwMDAwMDAwfSwic2NoZW1hX3ZlcnNpb24iOiIxIn0=",
          "dependencies": [
            "aws_vpc.my_vpc"
          ]
        }
      ]
    },
    {
      "mode": "managed",
      "type": "aws_subnet",
      "name": "my_subnet",
      "provider": "provider[\"registry.terraform.io/hashicorp/aws\"]",
      "instances": [
        {
          "schema_version": 1,
          "attributes": {
            "arn": "arn:aws:ec2:us-east-1:572346131617:subnet/subnet-09294f5c85c8640f8",
            "assign_ipv6_address_on_creation": false,
            "availability_zone": "us-east-1a",
            "availability_zone_id": "use1-az4",
            "cidr_block": "172.31.0.0/24",
            "customer_owned_ipv4_pool": "",
            "enable_dns64": false,
            "enable_lni_at_device_index": 0,
            "enable_resource_name_dns_a_record_on_launch": false,
            "enable_resource_name_dns_aaaa_record_on_launch": false,
            "id": "subnet-09294f5c85c8640f8",
            "ipv6_cidr_block": "",
            "ipv6_cidr_block_association_id": "",
            "ipv6_native": false,
            "map_customer_owned_ip_on_launch": false,
            "map_public_ip_on_launch": false,
            "outpost_arn": "",
            "owner_id": "572346131617",
            "private_dns_hostname_type_on_launch": "ip-name",
            "tags": {
              "Name": "my-subnet"
            },
            "tags_all": {
              "Name": "my-subnet"
            },
            "timeouts": null,
            "vpc_id": "vpc-0465b1397224f40b0"
          },
          "sensitive_attributes": [],
          "private": "eyJlMmJmYjczMC1lY2FhLTExZTYtOGY4OC0zNDM2M2JjN2M0YzAiOnsiY3JlYXRlIjo2MDAwMDAwMDAwMDAsImRlbGV0ZSI6MTIwMDAwMDAwMDAwMH0sInNjaGVtYV92ZXJzaW9uIjoiMSJ9",
          "dependencies": [
            "aws_vpc.my_vpc"
          ]
        }
      ]
    },
    {
      "mode": "managed",
      "type": "aws_vpc",
      "name": "my_vpc",
      "provider": "provider[\"registry.terraform.io/hashicorp/aws\"]",
      "instances": [
        {
          "schema_version": 1,
          "attributes": {
            "arn": "arn:aws:ec2:us-east-1:572346131617:vpc/vpc-0465b1397224f40b0",
            "assign_generated_ipv6_cidr_block": false,
            "cidr_block": "172.31.0.0/24",
            "default_network_acl_id": "acl-018cf4b4dac4473c0",
            "default_route_table_id": "rtb-089ced221dd13d399",
            "default_security_group_id": "sg-07e4e10bccefcc6e8",
            "dhcp_options_id": "dopt-0c5a0e8bd86247062",
            "enable_dns_hostnames": false,
            "enable_dns_support": true,
            "enable_network_address_usage_metrics": false,
            "id": "vpc-0465b1397224f40b0",
            "instance_tenancy": "default",
            "ipv4_ipam_pool_id": null,
            "ipv4_netmask_length": null,
            "ipv6_association_id": "",
            "ipv6_cidr_block": "",
            "ipv6_cidr_block_network_border_group": "",
            "ipv6_ipam_pool_id": "",
            "ipv6_netmask_length": 0,
            "main_route_table_id": "rtb-089ced221dd13d399",
            "owner_id": "572346131617",
            "tags": {
              "Name": "my-vpc"
            },
            "tags_all": {
              "Name": "my-vpc"
            }
          },
          "sensitive_attributes": [],
          "private": "eyJzY2hlbWFfdmVyc2lvbiI6IjEifQ=="
        }
      ]
    },
    {
      "mode": "managed",
      "type": "local_file",
      "name": "ansible_inventory",
      "provider": "provider[\"registry.terraform.io/hashicorp/local\"]",
      "instances": [
        {
          "schema_version": 0,
          "attributes": {
            "content": "[aws_ec2]\n34.224.70.70\n34.201.64.189\n\n[aws_ec2:vars]\nansible_ssh_user=ec2user\nansible_ssh_private_key_file=/home/emi/terraform/.ssh/ansible-ssh-key.pem",
            "content_base64": null,
            "content_base64sha256": "EitYGCM6e0IMMRyTnCtO7iImkzMCO2Al3Nb9pFm8GVE=",
            "content_base64sha512": "oeWxFZ6whwF0KJbvF4RI5ryvF+30oDN3jUo3e4z8XwoqfMmQrC85/mXFvQVdGVpd4tGGzrw5BpnPSZEzuKFOOw==",
            "content_md5": "c2487fc53268bfb68f3c42c994acfaf1",
            "content_sha1": "7fb921f9a670309b104fa2487cb8a943169c3edf",
            "content_sha256": "122b5818233a7b420c311c939c2b4eee22269333023b6025dcd6fda459bc1951",
            "content_sha512": "a1e5b1159eb08701742896ef178448e6bcaf17edf4a033778d4a377b8cfc5f0a2a7cc990ac2f39fe65c5bd055d195a5de2d186cebc390699cf499133b8a14e3b",
            "directory_permission": "0777",
            "file_permission": "0777",
            "filename": "/home/emi/terraform/inventory.ini",
            "id": "7fb921f9a670309b104fa2487cb8a943169c3edf",
            "sensitive_content": null,
            "source": null
          },
          "sensitive_attributes": [],
          "dependencies": [
            "aws_instance.vm",
            "aws_key_pair.aws_key",
            "aws_security_group.vm_sg",
            "aws_subnet.my_subnet",
            "aws_vpc.my_vpc",
            "local_sensitive_file.private_key",
            "tls_private_key.key"
          ]
        }
      ]
    },
    {
      "mode": "managed",
      "type": "local_sensitive_file",
      "name": "private_key",
      "provider": "provider[\"registry.terraform.io/hashicorp/local\"]",
      "instances": [
        {
          "schema_version": 0,
          "attributes": {
            "content": "-----BEGIN RSA PRIVATE KEY-----\nMIIEpgIBAAKCAQEA0dMUQ/7DaDq4KrV4P2zPJkXz/MfOTh0HJkBTEXFxq08lzGTn\nCaaEsUWN3JDmaogWuM7+9VoCXpLDvBC/EQGIhTsp2gRgsaZ0HT81N8i8Wtr+EooY\n+6EFz8lpklE3OH1bQFBuZY70jKwT345tHumcUnnpDf1GYpJgF5hsJnQumTOyGsK6\nBfYSwg1tVCcNgPr0r7RR+RKgtIVelW+UyakG5MgRxGWKgxwnh2/0RZgoWBM6iGla\n/p1JfwacJPxqJ/5959kuv6346Ko6mBOEzqiO2Ep02qe3Vi7uh8E/74Koajj/RVMv\nUT3VCVlN8AL15jPxUmyPoXsvIGDNhbbpvKg+UQIDAQABAoIBAQCFyTvDux5nSAGD\nod/BOSS/95yBkfjWT6XuWtdcaOQcYcPtFm1F9vnmej3g5Dc2t/0c60cfs7uNB7Fs\nKZVaR4r/wGCIFYB95W9l8paBMin/GGEl+w3A68Pj4D3DQKugBjX3xREPCl6dj17A\njXTAYB3/bKIP/G0zjrdcdCCJSE0p+ubRkex3Yr0MxjPYwiSAPk6c417iKXztez1j\niy8jKniejqXuzxzY1unjUG461Aakm2be5V9W2z641PQBLeARWth4jyALdVwF+o8r\nh/3FNzgft8/jfs7VCXQWKbE6UcKg2w/h9fexI8d2vvcPQTGE9jLB9WaolJ/9paj4\nSBa+kd/RAoGBANXNUATm8/q4d3apwxqVhZKT7IZVgeOlOuIF57RvzxubDfrRLZSj\nDGYyFTUxljCddmnMH8blfhT56Bth51nf+aiisJBwyIU0CYW6YQFCvKZggI7VgnOe\n80ulka3vno/G1AQrLM9QScNJBjNjbg/9i0Jz8oT5dCVhqmZ5X2gnxBalAoGBAPs8\nzGDHQoP2IhrqSbIy90lNSYiet5pvHIvSl4mDuhmx0T58iIq4ZSnqCbqRTrcWHvWw\nA9Kru6xyt7w0bQLn+8FFes4jiba0+TAXCd+GksSqihVLgH7XeVVjWq9TfZwMxmQI\njMjUjy14NyHWjiRj3FXwSPEN/GMVT1xCmJX1tSU9AoGBAIkPNnX+DHg1Gzhx+cYo\nBloCBEXVuQ/Tk5zjxjcQ2kdLLjoVMNAxejhlcN0J7cs6lneaSOC7rAkMb/Rl3ebq\nw2SM7v2Zn6JsypH0+kzRmJhcEu3+B8PRKQzcljhX/WEUSERn3TEFulO7k4MMAbm0\ngzrVk6oVNJTmOFO7CSN/IqCVAoGBAKXbeE03nnjBh7hfDTHgJZI1vKK9rRX93kmM\nSFAXL0eBNVLcIcP6gYaPI8cP4HhL2Tp27b8pcmchAJz1uzWc8n2gIbdujJ6akJsn\nynPPQpskvq3aP0T9ePNe+OIf6x+W623kmxSGBtOMtlDXdNUfO7lcPLsucXzz94U/\nzb3KDME9AoGBAMfPpCmCLwJKewmBnUpW7NKn6KGDUX5p5Y3B3fIMkAcQwRz/Js0t\nsG5eNPG4qenhEEGdUGmGw6EiiJNEuIDgpg4vJEVN9AyoYseg1g0a+IKymCCcETVU\naY1BT+X4MFutfQYfMsMrHfqum3UyezTRxl6bMjUOc3AKuQ1j7gSXd4lt\n-----END RSA PRIVATE KEY-----\n",
            "content_base64": null,
            "content_base64sha256": "U++F2oJduNUjuj8bAiZqRxkbZB0bjgRYxYRWFT48zOA=",
            "content_base64sha512": "QHpUo2tWc1SysoSnsJztgI4YMQnYUlR1Z9KR8cgkoqKoLwKnSPoDmrn+v8sKmYGQ0kVIN7+3t5Item/1Bdmovw==",
            "content_md5": "4c624970f7d94ccdb1512e121af862a8",
            "content_sha1": "c246a03a99185268806837ca15a32a324a5db5fa",
            "content_sha256": "53ef85da825db8d523ba3f1b02266a47191b641d1b8e0458c58456153e3ccce0",
            "content_sha512": "407a54a36b567354b2b284a7b09ced808e183109d852547567d291f1c824a2a2a82f02a748fa039ab9febfcb0a998190d2454837bfb7b7922d7a6ff505d9a8bf",
            "directory_permission": "0700",
            "file_permission": "0600",
            "filename": "/home/emi/terraform/.ssh/ansible-ssh-key.pem",
            "id": "c246a03a99185268806837ca15a32a324a5db5fa",
            "source": null
          },
          "sensitive_attributes": [
            [
              {
                "type": "get_attr",
                "value": "content"
              }
            ]
          ],
          "dependencies": [
            "tls_private_key.key"
          ]
        }
      ]
    },
    {
      "mode": "managed",
      "type": "null_resource",
      "name": "vm",
      "provider": "provider[\"registry.terraform.io/hashicorp/null\"]",
      "instances": [
        {
          "schema_version": 0,
          "attributes": {
            "id": "2022768926355271832",
            "triggers": {
              "vm_instance_ids": "'i-0d3fe0bce552f504b,i-0fa12b50cee7685bf'"
            }
          },
          "sensitive_attributes": [],
          "dependencies": [
            "aws_instance.vm",
            "aws_key_pair.aws_key",
            "aws_security_group.vm_sg",
            "aws_subnet.my_subnet",
            "aws_vpc.my_vpc",
            "tls_private_key.key"
          ]
        }
      ]
    },
    {
      "mode": "managed",
      "type": "random_password",
      "name": "vm_password",
      "provider": "provider[\"registry.terraform.io/hashicorp/random\"]",
      "instances": [
        {
          "schema_version": 3,
          "attributes": {
            "bcrypt_hash": "$2a$10$iJeq/3xAcaDDIq3.pznH6OgQ9LOfG7y4T3AziqalEmP76mHTn/GP2",
            "id": "none",
            "keepers": null,
            "length": 16,
            "lower": true,
            "min_lower": 0,
            "min_numeric": 0,
            "min_special": 0,
            "min_upper": 0,
            "number": true,
            "numeric": true,
            "override_special": "!#$%\u0026*()-_=+[]{}\u003c\u003e:?",
            "result": "?2s:9nkeZ8\u003eSmGXD",
            "special": true,
            "upper": true
          },
          "sensitive_attributes": []
        }
      ]
    },
    {
      "mode": "managed",
      "type": "tls_private_key",
      "name": "key",
      "provider": "provider[\"registry.terraform.io/hashicorp/tls\"]",
      "instances": [
        {
          "schema_version": 1,
          "attributes": {
            "algorithm": "RSA",
            "ecdsa_curve": "P224",
            "id": "abe03476d905b90e30f9e417a0792fce43ae00a4",
            "private_key_openssh": "-----BEGIN OPENSSH PRIVATE KEY-----\nb3BlbnNzaC1rZXktdjEAAAAABG5vbmUAAAAEbm9uZQAAAAAAAAABAAABFwAAAAdz\nc2gtcnNhAAAAAwEAAQAAAQEA0dMUQ/7DaDq4KrV4P2zPJkXz/MfOTh0HJkBTEXFx\nq08lzGTnCaaEsUWN3JDmaogWuM7+9VoCXpLDvBC/EQGIhTsp2gRgsaZ0HT81N8i8\nWtr+EooY+6EFz8lpklE3OH1bQFBuZY70jKwT345tHumcUnnpDf1GYpJgF5hsJnQu\nmTOyGsK6BfYSwg1tVCcNgPr0r7RR+RKgtIVelW+UyakG5MgRxGWKgxwnh2/0RZgo\nWBM6iGla/p1JfwacJPxqJ/5959kuv6346Ko6mBOEzqiO2Ep02qe3Vi7uh8E/74Ko\najj/RVMvUT3VCVlN8AL15jPxUmyPoXsvIGDNhbbpvKg+UQAAA7hz02QGc9NkBgAA\nAAdzc2gtcnNhAAABAQDR0xRD/sNoOrgqtXg/bM8mRfP8x85OHQcmQFMRcXGrTyXM\nZOcJpoSxRY3ckOZqiBa4zv71WgJeksO8EL8RAYiFOynaBGCxpnQdPzU3yLxa2v4S\nihj7oQXPyWmSUTc4fVtAUG5ljvSMrBPfjm0e6ZxSeekN/UZikmAXmGwmdC6ZM7Ia\nwroF9hLCDW1UJw2A+vSvtFH5EqC0hV6Vb5TJqQbkyBHEZYqDHCeHb/RFmChYEzqI\naVr+nUl/Bpwk/Gon/n3n2S6/rfjoqjqYE4TOqI7YSnTap7dWLu6HwT/vgqhqOP9F\nUy9RPdUJWU3wAvXmM/FSbI+hey8gYM2Ftum8qD5RAAAAAwEAAQAAAQEAhck7w7se\nZ0gBg6HfwTkkv/ecgZH41k+l7lrXXGjkHGHD7RZtRfb55no94OQ3Nrf9HOtHH7O7\njQexbCmVWkeK/8BgiBWAfeVvZfKWgTIp/xhhJfsNwOvD4+A9w0CroAY198URDwpe\nnY9ewI10wGAd/2yiD/xtM463XHQgiUhNKfrm0ZHsd2K9DMYz2MIkgD5OnONe4il8\n7Xs9Y4svIyp4no6l7s8c2Nbp41BuOtQGpJtm3uVfVts+uNT0AS3gEVrYeI8gC3Vc\nBfqPK4f9xTc4H7fP437O1Ql0FimxOlHCoNsP4fX3sSPHdr73D0ExhPYywfVmqJSf\n/aWo+EgWvpHf0QAAAIEAx8+kKYIvAkp7CYGdSlbs0qfooYNRfmnljcHd8gyQBxDB\nHP8mzS2wbl408bip6eEQQZ1QaYbDoSKIk0S4gOCmDi8kRU30DKhix6DWDRr4grKY\nIJwRNVRpjUFP5fgwW619Bh8ywysd+q6bdTJ7NNHGXpsyNQ5zcAq5DWPuBJd3iW0A\nAACBANXNUATm8/q4d3apwxqVhZKT7IZVgeOlOuIF57RvzxubDfrRLZSjDGYyFTUx\nljCddmnMH8blfhT56Bth51nf+aiisJBwyIU0CYW6YQFCvKZggI7VgnOe80ulka3v\nno/G1AQrLM9QScNJBjNjbg/9i0Jz8oT5dCVhqmZ5X2gnxBalAAAAgQD7PMxgx0KD\n9iIa6kmyMvdJTUmInreabxyL0peJg7oZsdE+fIiKuGUp6gm6kU63Fh71sAPSq7us\ncre8NG0C5/vBRXrOI4m2tPkwFwnfhpLEqooVS4B+13lVY1qvU32cDMZkCIzI1I8t\neDch1o4kY9xV8EjxDfxjFU9cQpiV9bUlPQAAAAAB\n-----END OPENSSH PRIVATE KEY-----\n",
            "private_key_pem": "-----BEGIN RSA PRIVATE KEY-----\nMIIEpgIBAAKCAQEA0dMUQ/7DaDq4KrV4P2zPJkXz/MfOTh0HJkBTEXFxq08lzGTn\nCaaEsUWN3JDmaogWuM7+9VoCXpLDvBC/EQGIhTsp2gRgsaZ0HT81N8i8Wtr+EooY\n+6EFz8lpklE3OH1bQFBuZY70jKwT345tHumcUnnpDf1GYpJgF5hsJnQumTOyGsK6\nBfYSwg1tVCcNgPr0r7RR+RKgtIVelW+UyakG5MgRxGWKgxwnh2/0RZgoWBM6iGla\n/p1JfwacJPxqJ/5959kuv6346Ko6mBOEzqiO2Ep02qe3Vi7uh8E/74Koajj/RVMv\nUT3VCVlN8AL15jPxUmyPoXsvIGDNhbbpvKg+UQIDAQABAoIBAQCFyTvDux5nSAGD\nod/BOSS/95yBkfjWT6XuWtdcaOQcYcPtFm1F9vnmej3g5Dc2t/0c60cfs7uNB7Fs\nKZVaR4r/wGCIFYB95W9l8paBMin/GGEl+w3A68Pj4D3DQKugBjX3xREPCl6dj17A\njXTAYB3/bKIP/G0zjrdcdCCJSE0p+ubRkex3Yr0MxjPYwiSAPk6c417iKXztez1j\niy8jKniejqXuzxzY1unjUG461Aakm2be5V9W2z641PQBLeARWth4jyALdVwF+o8r\nh/3FNzgft8/jfs7VCXQWKbE6UcKg2w/h9fexI8d2vvcPQTGE9jLB9WaolJ/9paj4\nSBa+kd/RAoGBANXNUATm8/q4d3apwxqVhZKT7IZVgeOlOuIF57RvzxubDfrRLZSj\nDGYyFTUxljCddmnMH8blfhT56Bth51nf+aiisJBwyIU0CYW6YQFCvKZggI7VgnOe\n80ulka3vno/G1AQrLM9QScNJBjNjbg/9i0Jz8oT5dCVhqmZ5X2gnxBalAoGBAPs8\nzGDHQoP2IhrqSbIy90lNSYiet5pvHIvSl4mDuhmx0T58iIq4ZSnqCbqRTrcWHvWw\nA9Kru6xyt7w0bQLn+8FFes4jiba0+TAXCd+GksSqihVLgH7XeVVjWq9TfZwMxmQI\njMjUjy14NyHWjiRj3FXwSPEN/GMVT1xCmJX1tSU9AoGBAIkPNnX+DHg1Gzhx+cYo\nBloCBEXVuQ/Tk5zjxjcQ2kdLLjoVMNAxejhlcN0J7cs6lneaSOC7rAkMb/Rl3ebq\nw2SM7v2Zn6JsypH0+kzRmJhcEu3+B8PRKQzcljhX/WEUSERn3TEFulO7k4MMAbm0\ngzrVk6oVNJTmOFO7CSN/IqCVAoGBAKXbeE03nnjBh7hfDTHgJZI1vKK9rRX93kmM\nSFAXL0eBNVLcIcP6gYaPI8cP4HhL2Tp27b8pcmchAJz1uzWc8n2gIbdujJ6akJsn\nynPPQpskvq3aP0T9ePNe+OIf6x+W623kmxSGBtOMtlDXdNUfO7lcPLsucXzz94U/\nzb3KDME9AoGBAMfPpCmCLwJKewmBnUpW7NKn6KGDUX5p5Y3B3fIMkAcQwRz/Js0t\nsG5eNPG4qenhEEGdUGmGw6EiiJNEuIDgpg4vJEVN9AyoYseg1g0a+IKymCCcETVU\naY1BT+X4MFutfQYfMsMrHfqum3UyezTRxl6bMjUOc3AKuQ1j7gSXd4lt\n-----END RSA PRIVATE KEY-----\n",
            "private_key_pem_pkcs8": "-----BEGIN PRIVATE KEY-----\nMIIEwAIBADANBgkqhkiG9w0BAQEFAASCBKowggSmAgEAAoIBAQDR0xRD/sNoOrgq\ntXg/bM8mRfP8x85OHQcmQFMRcXGrTyXMZOcJpoSxRY3ckOZqiBa4zv71WgJeksO8\nEL8RAYiFOynaBGCxpnQdPzU3yLxa2v4Sihj7oQXPyWmSUTc4fVtAUG5ljvSMrBPf\njm0e6ZxSeekN/UZikmAXmGwmdC6ZM7IawroF9hLCDW1UJw2A+vSvtFH5EqC0hV6V\nb5TJqQbkyBHEZYqDHCeHb/RFmChYEzqIaVr+nUl/Bpwk/Gon/n3n2S6/rfjoqjqY\nE4TOqI7YSnTap7dWLu6HwT/vgqhqOP9FUy9RPdUJWU3wAvXmM/FSbI+hey8gYM2F\ntum8qD5RAgMBAAECggEBAIXJO8O7HmdIAYOh38E5JL/3nIGR+NZPpe5a11xo5Bxh\nw+0WbUX2+eZ6PeDkNza3/RzrRx+zu40HsWwplVpHiv/AYIgVgH3lb2XyloEyKf8Y\nYSX7DcDrw+PgPcNAq6AGNffFEQ8KXp2PXsCNdMBgHf9sog/8bTOOt1x0IIlITSn6\n5tGR7HdivQzGM9jCJIA+TpzjXuIpfO17PWOLLyMqeJ6Ope7PHNjW6eNQbjrUBqSb\nZt7lX1bbPrjU9AEt4BFa2HiPIAt1XAX6jyuH/cU3OB+3z+N+ztUJdBYpsTpRwqDb\nD+H197Ejx3a+9w9BMYT2MsH1ZqiUn/2lqPhIFr6R39ECgYEA1c1QBObz+rh3dqnD\nGpWFkpPshlWB46U64gXntG/PG5sN+tEtlKMMZjIVNTGWMJ12acwfxuV+FPnoG2Hn\nWd/5qKKwkHDIhTQJhbphAUK8pmCAjtWCc57zS6WRre+ej8bUBCssz1BJw0kGM2Nu\nD/2LQnPyhPl0JWGqZnlfaCfEFqUCgYEA+zzMYMdCg/YiGupJsjL3SU1JiJ63mm8c\ni9KXiYO6GbHRPnyIirhlKeoJupFOtxYe9bAD0qu7rHK3vDRtAuf7wUV6ziOJtrT5\nMBcJ34aSxKqKFUuAftd5VWNar1N9nAzGZAiMyNSPLXg3IdaOJGPcVfBI8Q38YxVP\nXEKYlfW1JT0CgYEAiQ82df4MeDUbOHH5xigGWgIERdW5D9OTnOPGNxDaR0suOhUw\n0DF6OGVw3QntyzqWd5pI4LusCQxv9GXd5urDZIzu/ZmfomzKkfT6TNGYmFwS7f4H\nw9EpDNyWOFf9YRRIRGfdMQW6U7uTgwwBubSDOtWTqhU0lOY4U7sJI38ioJUCgYEA\npdt4TTeeeMGHuF8NMeAlkjW8or2tFf3eSYxIUBcvR4E1Utwhw/qBho8jxw/geEvZ\nOnbtvylyZyEAnPW7NZzyfaAht26MnpqQmyfKc89CmyS+rdo/RP1481744h/rH5br\nbeSbFIYG04y2UNd01R87uVw8uy5xfPP3hT/NvcoMwT0CgYEAx8+kKYIvAkp7CYGd\nSlbs0qfooYNRfmnljcHd8gyQBxDBHP8mzS2wbl408bip6eEQQZ1QaYbDoSKIk0S4\ngOCmDi8kRU30DKhix6DWDRr4grKYIJwRNVRpjUFP5fgwW619Bh8ywysd+q6bdTJ7\nNNHGXpsyNQ5zcAq5DWPuBJd3iW0=\n-----END PRIVATE KEY-----\n",
            "public_key_fingerprint_md5": "4e:80:be:fe:46:43:0d:fa:c2:1e:18:f4:4e:e1:d5:00",
            "public_key_fingerprint_sha256": "SHA256:JqdVJa49NPyO4MJDWnQ50OjH1F7px7cT1jfqZvU9LS0",
            "public_key_openssh": "ssh-rsa AAAAB3NzaC1yc2EAAAADAQABAAABAQDR0xRD/sNoOrgqtXg/bM8mRfP8x85OHQcmQFMRcXGrTyXMZOcJpoSxRY3ckOZqiBa4zv71WgJeksO8EL8RAYiFOynaBGCxpnQdPzU3yLxa2v4Sihj7oQXPyWmSUTc4fVtAUG5ljvSMrBPfjm0e6ZxSeekN/UZikmAXmGwmdC6ZM7IawroF9hLCDW1UJw2A+vSvtFH5EqC0hV6Vb5TJqQbkyBHEZYqDHCeHb/RFmChYEzqIaVr+nUl/Bpwk/Gon/n3n2S6/rfjoqjqYE4TOqI7YSnTap7dWLu6HwT/vgqhqOP9FUy9RPdUJWU3wAvXmM/FSbI+hey8gYM2Ftum8qD5R\n",
            "public_key_pem": "-----BEGIN PUBLIC KEY-----\nMIIBIjANBgkqhkiG9w0BAQEFAAOCAQ8AMIIBCgKCAQEA0dMUQ/7DaDq4KrV4P2zP\nJkXz/MfOTh0HJkBTEXFxq08lzGTnCaaEsUWN3JDmaogWuM7+9VoCXpLDvBC/EQGI\nhTsp2gRgsaZ0HT81N8i8Wtr+EooY+6EFz8lpklE3OH1bQFBuZY70jKwT345tHumc\nUnnpDf1GYpJgF5hsJnQumTOyGsK6BfYSwg1tVCcNgPr0r7RR+RKgtIVelW+UyakG\n5MgRxGWKgxwnh2/0RZgoWBM6iGla/p1JfwacJPxqJ/5959kuv6346Ko6mBOEzqiO\n2Ep02qe3Vi7uh8E/74Koajj/RVMvUT3VCVlN8AL15jPxUmyPoXsvIGDNhbbpvKg+\nUQIDAQAB\n-----END PUBLIC KEY-----\n",
            "rsa_bits": 2048
          },
          "sensitive_attributes": []
        }
      ]
    }
  ],
  "check_results": null
}
